# This file is automatically @generated by Cargo.
# It is not intended for manual editing.
version = 3

[[package]]
name = "kaspascript-lexer"
version = "0.1.0"

[[package]]
name = "kaspascript-parser"
version = "0.1.0"
dependencies = [
 "kaspascript-lexer",
]

[[package]]
name = "kaspascript-semantic"
version = "0.1.0"
dependencies = [
 "kaspascript-lexer",
 "kaspascript-parser",
]
